<?xml version="1.0" encoding="UTF-8"?>
<Solution>
	<Configurations>
		<BuildType Name="Debug"/>
		<BuildType Name="Release"/>
		<BuildType Name="MinSizeRel"/>
		<BuildType Name="RelWithDebInfo"/>
		<Platform Name="x64"/>
	</Configurations>
	<Project Path="_deps/googletest-build/googlemock/gmock.vcxproj" Type="8bc9ceb8-8b4a-11d0-8d11-00a0c91bc942" Id="76c30cad-cd59-3157-81bd-2f878a9ffe9f">
		<BuildDependency Project="ZERO_CHECK.vcxproj"/>
	</Project>
	<Project Path="_deps/googletest-build/googlemock/gmock_main.vcxproj" Type="8bc9ceb8-8b4a-11d0-8d11-00a0c91bc942" Id="38fade3d-004e-3c6b-b744-4e488ae878d1">
		<BuildDependency Project="ZERO_CHECK.vcxproj"/>
	</Project>
	<Project Path="_deps/googletest-build/googletest/gtest.vcxproj" Type="8bc9ceb8-8b4a-11d0-8d11-00a0c91bc942" Id="2715c6a6-3c5c-34b0-8e49-99871e1c8ef3">
		<BuildDependency Project="ZERO_CHECK.vcxproj"/>
	</Project>
	<Project Path="_deps/googletest-build/googletest/gtest_main.vcxproj" Type="8bc9ceb8-8b4a-11d0-8d11-00a0c91bc942" Id="a86b6415-1a3d-35bf-a3c8-5f28396d076d">
		<BuildDependency Project="ZERO_CHECK.vcxproj"/>
		<BuildDependency Project="_deps/googletest-build/googletest/gtest.vcxproj"/>
	</Project>
	<Project Path="nexus-bench/nexus-bench.vcxproj" Type="8bc9ceb8-8b4a-11d0-8d11-00a0c91bc942" Id="dccab6cb-ea1e-31ff-ba57-9f7f5d8895b7">
		<BuildDependency Project="ZERO_CHECK.vcxproj"/>
		<BuildDependency Project="nexus-core/nexus-core.vcxproj"/>
	</Project>
	<Project Path="nexus-cli/nexus-cli.vcxproj" Type="8bc9ceb8-8b4a-11d0-8d11-00a0c91bc942" Id="e98acd0f-3157-37c3-aa50-b4548bb37702">
		<BuildDependency Project="ZERO_CHECK.vcxproj"/>
		<BuildDependency Project="nexus-core/nexus-core.vcxproj"/>
	</Project>
	<Project Path="tests/unit/config/nexus-config-tests.vcxproj" Type="8bc9ceb8-8b4a-11d0-8d11-00a0c91bc942" Id="8c3493c5-38fb-3f98-b0e6-6a37132ec960">
		<BuildDependency Project="ZERO_CHECK.vcxproj"/>
		<BuildDependency Project="_deps/googletest-build/googletest/gtest.vcxproj"/>
		<BuildDependency Project="_deps/googletest-build/googletest/gtest_main.vcxproj"/>
		<BuildDependency Project="nexus-core/nexus-core.vcxproj"/>
		<BuildDependency Project="tests/common/nexus-test-common.vcxproj"/>
	</Project>
	<Project Path="nexus-core/nexus-core.vcxproj" Type="8bc9ceb8-8b4a-11d0-8d11-00a0c91bc942" Id="3ff1b96a-0ee2-3582-9ad6-47f2aff95ee9">
		<BuildDependency Project="ZERO_CHECK.vcxproj"/>
	</Project>
	<Project Path="tests/unit/core/nexus-core-tests.vcxproj" Type="8bc9ceb8-8b4a-11d0-8d11-00a0c91bc942" Id="5e77f545-426b-34c0-822e-015f279e2435">
		<BuildDependency Project="ZERO_CHECK.vcxproj"/>
		<BuildDependency Project="_deps/googletest-build/googletest/gtest.vcxproj"/>
		<BuildDependency Project="_deps/googletest-build/googletest/gtest_main.vcxproj"/>
		<BuildDependency Project="nexus-core/nexus-core.vcxproj"/>
		<BuildDependency Project="tests/common/nexus-test-common.vcxproj"/>
	</Project>
	<Project Path="tests/unit/error/nexus-error-tests.vcxproj" Type="8bc9ceb8-8b4a-11d0-8d11-00a0c91bc942" Id="7be12dd6-2d42-35db-bd19-767453157c6c">
		<BuildDependency Project="ZERO_CHECK.vcxproj"/>
		<BuildDependency Project="_deps/googletest-build/googletest/gtest.vcxproj"/>
		<BuildDependency Project="_deps/googletest-build/googletest/gtest_main.vcxproj"/>
		<BuildDependency Project="nexus-core/nexus-core.vcxproj"/>
		<BuildDependency Project="tests/common/nexus-test-common.vcxproj"/>
	</Project>
	<Project Path="tests/unit/hash/nexus-hash-tests.vcxproj" Type="8bc9ceb8-8b4a-11d0-8d11-00a0c91bc942" Id="0c8e09a5-f936-3aab-a49a-2983298833d3">
		<BuildDependency Project="ZERO_CHECK.vcxproj"/>
		<BuildDependency Project="_deps/googletest-build/googletest/gtest.vcxproj"/>
		<BuildDependency Project="_deps/googletest-build/googletest/gtest_main.vcxproj"/>
		<BuildDependency Project="nexus-core/nexus-core.vcxproj"/>
		<BuildDependency Project="tests/common/nexus-test-common.vcxproj"/>
	</Project>
	<Project Path="tests/unit/identity/nexus-identity-tests.vcxproj" Type="8bc9ceb8-8b4a-11d0-8d11-00a0c91bc942" Id="6d17d681-0b28-37c6-9da0-1073b0114e5b">
		<BuildDependency Project="ZERO_CHECK.vcxproj"/>
		<BuildDependency Project="_deps/googletest-build/googletest/gtest.vcxproj"/>
		<BuildDependency Project="_deps/googletest-build/googletest/gtest_main.vcxproj"/>
		<BuildDependency Project="nexus-core/nexus-core.vcxproj"/>
		<BuildDependency Project="tests/common/nexus-test-common.vcxproj"/>
	</Project>
	<Project Path="nexus-lab/nexus-lab.vcxproj" Type="8bc9ceb8-8b4a-11d0-8d11-00a0c91bc942" Id="64436991-5b04-3ca4-af30-eb1dd01a1e73">
		<BuildDependency Project="ZERO_CHECK.vcxproj"/>
		<BuildDependency Project="nexus-core/nexus-core.vcxproj"/>
	</Project>
	<Project Path="tests/unit/logging/nexus-logging-tests.vcxproj" Type="8bc9ceb8-8b4a-11d0-8d11-00a0c91bc942" Id="2b3af893-f750-3e5b-aca8-4857c28870ec">
		<BuildDependency Project="ZERO_CHECK.vcxproj"/>
		<BuildDependency Project="_deps/googletest-build/googletest/gtest.vcxproj"/>
		<BuildDependency Project="_deps/googletest-build/googletest/gtest_main.vcxproj"/>
		<BuildDependency Project="nexus-core/nexus-core.vcxproj"/>
		<BuildDependency Project="tests/common/nexus-test-common.vcxproj"/>
	</Project>
	<Project Path="tests/unit/platform/nexus-platform-tests.vcxproj" Type="8bc9ceb8-8b4a-11d0-8d11-00a0c91bc942" Id="a821585f-72c9-376e-9a2a-340223dc4952">
		<BuildDependency Project="ZERO_CHECK.vcxproj"/>
		<BuildDependency Project="_deps/googletest-build/googletest/gtest.vcxproj"/>
		<BuildDependency Project="_deps/googletest-build/googletest/gtest_main.vcxproj"/>
		<BuildDependency Project="nexus-core/nexus-core.vcxproj"/>
		<BuildDependency Project="tests/common/nexus-test-common.vcxproj"/>
	</Project>
	<Project Path="tests/common/nexus-test-common.vcxproj" Type="8bc9ceb8-8b4a-11d0-8d11-00a0c91bc942" Id="de4e81e8-b691-3c9e-8f2b-64beb241f02e">
		<BuildDependency Project="ZERO_CHECK.vcxproj"/>
	</Project>
	<Project Path="tests/unit/text/nexus-text-tests.vcxproj" Type="8bc9ceb8-8b4a-11d0-8d11-00a0c91bc942" Id="845d608f-66a4-3a08-9646-f76eb7210f11">
		<BuildDependency Project="ZERO_CHECK.vcxproj"/>
		<BuildDependency Project="_deps/googletest-build/googletest/gtest.vcxproj"/>
		<BuildDependency Project="_deps/googletest-build/googletest/gtest_main.vcxproj"/>
		<BuildDependency Project="nexus-core/nexus-core.vcxproj"/>
		<BuildDependency Project="tests/common/nexus-test-common.vcxproj"/>
	</Project>
	<Project Path="tests/unit/time/nexus-time-tests.vcxproj" Type="8bc9ceb8-8b4a-11d0-8d11-00a0c91bc942" Id="31482cd5-ea68-3626-8745-4a2268f2a714">
		<BuildDependency Project="ZERO_CHECK.vcxproj"/>
		<BuildDependency Project="_deps/googletest-build/googletest/gtest.vcxproj"/>
		<BuildDependency Project="_deps/googletest-build/googletest/gtest_main.vcxproj"/>
		<BuildDependency Project="nexus-core/nexus-core.vcxproj"/>
		<BuildDependency Project="tests/common/nexus-test-common.vcxproj"/>
	</Project>
	<Project Path="tests/unit/types/nexus-types-tests.vcxproj" Type="8bc9ceb8-8b4a-11d0-8d11-00a0c91bc942" Id="4b9b48a9-1177-3c0d-9f14-0a15b153d762">
		<BuildDependency Project="ZERO_CHECK.vcxproj"/>
		<BuildDependency Project="_deps/googletest-build/googletest/gtest.vcxproj"/>
		<BuildDependency Project="_deps/googletest-build/googletest/gtest_main.vcxproj"/>
		<BuildDependency Project="nexus-core/nexus-core.vcxproj"/>
		<BuildDependency Project="tests/common/nexus-test-common.vcxproj"/>
	</Project>
	<Folder Name="/CMakePredefinedTargets/">
		<Project Path="ALL_BUILD.vcxproj" Type="8bc9ceb8-8b4a-11d0-8d11-00a0c91bc942" Id="6174f5b4-ab60-3921-8095-d1ad92e8c9f0" DefaultStartup="true">
			<BuildDependency Project="ZERO_CHECK.vcxproj"/>
			<BuildDependency Project="_deps/googletest-build/googlemock/gmock.vcxproj"/>
			<BuildDependency Project="_deps/googletest-build/googlemock/gmock_main.vcxproj"/>
			<BuildDependency Project="_deps/googletest-build/googletest/gtest.vcxproj"/>
			<BuildDependency Project="_deps/googletest-build/googletest/gtest_main.vcxproj"/>
			<BuildDependency Project="nexus-bench/nexus-bench.vcxproj"/>
			<BuildDependency Project="nexus-cli/nexus-cli.vcxproj"/>
			<BuildDependency Project="tests/unit/config/nexus-config-tests.vcxproj"/>
			<BuildDependency Project="nexus-core/nexus-core.vcxproj"/>
			<BuildDependency Project="tests/unit/core/nexus-core-tests.vcxproj"/>
			<BuildDependency Project="tests/unit/error/nexus-error-tests.vcxproj"/>
			<BuildDependency Project="tests/unit/hash/nexus-hash-tests.vcxproj"/>
			<BuildDependency Project="tests/unit/identity/nexus-identity-tests.vcxproj"/>
			<BuildDependency Project="nexus-lab/nexus-lab.vcxproj"/>
			<BuildDependency Project="tests/unit/logging/nexus-logging-tests.vcxproj"/>
			<BuildDependency Project="tests/unit/platform/nexus-platform-tests.vcxproj"/>
			<BuildDependency Project="tests/common/nexus-test-common.vcxproj"/>
			<BuildDependency Project="tests/unit/text/nexus-text-tests.vcxproj"/>
			<BuildDependency Project="tests/unit/time/nexus-time-tests.vcxproj"/>
			<BuildDependency Project="tests/unit/types/nexus-types-tests.vcxproj"/>
		</Project>
		<Project Path="INSTALL.vcxproj" Type="8bc9ceb8-8b4a-11d0-8d11-00a0c91bc942" Id="d8a9904a-f63f-34ea-a062-0e0155e39e8b">
			<BuildDependency Project="ALL_BUILD.vcxproj"/>
			<BuildDependency Project="ZERO_CHECK.vcxproj"/>
			<Build Solution="Debug|*" Project="false"/>
			<Build Solution="Release|*" Project="false"/>
			<Build Solution="MinSizeRel|*" Project="false"/>
			<Build Solution="RelWithDebInfo|*" Project="false"/>
		</Project>
		<Project Path="RUN_TESTS.vcxproj" Type="8bc9ceb8-8b4a-11d0-8d11-00a0c91bc942" Id="87ddb267-f0a8-353b-90ec-c7bdbe9fea4f">
			<BuildDependency Project="ZERO_CHECK.vcxproj"/>
			<Build Solution="Debug|*" Project="false"/>
			<Build Solution="Release|*" Project="false"/>
			<Build Solution="MinSizeRel|*" Project="false"/>
			<Build Solution="RelWithDebInfo|*" Project="false"/>
		</Project>
		<Project Path="ZERO_CHECK.vcxproj" Type="8bc9ceb8-8b4a-11d0-8d11-00a0c91bc942" Id="fa9432bb-5b47-3f49-a86f-03d7e67471e1"/>
	</Folder>
</Solution>
